// !$*UTF8*$!
{
	archiveVersion = 1;
	classes = {
	};
	objectVersion = 56;
	objects = {

/* Begin PBXBuildFile section */
		7F3C45522B63FBC6008DD14E /* DataManager.swift in Sources */ = {isa = PBXBuildFile; fileRef = 7F3C45512B63FBC6008DD14E /* DataManager.swift */; };
		7F3C45552B64097B008DD14E /* InputView.swift in Sources */ = {isa = PBXBuildFile; fileRef = 7F3C45542B64097B008DD14E /* InputView.swift */; };
		7F8425B72B64D64200C9E89F /* Message.swift in Sources */ = {isa = PBXBuildFile; fileRef = 7F8425B62B64D64200C9E89F /* Message.swift */; };
		7FF519572B60C131001B1234 /* SimpleBudgetingApp.swift in Sources */ = {isa = PBXBuildFile; fileRef = 7FF519562B60C131001B1234 /* SimpleBudgetingApp.swift */; };
		7FF519592B60C131001B1234 /* ContentView.swift in Sources */ = {isa = PBXBuildFile; fileRef = 7FF519582B60C131001B1234 /* ContentView.swift */; };
		7FF5195B2B60C132001B1234 /* Assets.xcassets in Resources */ = {isa = PBXBuildFile; fileRef = 7FF5195A2B60C132001B1234 /* Assets.xcassets */; };
		7FF5195E2B60C132001B1234 /* Preview Assets.xcassets in Resources */ = {isa = PBXBuildFile; fileRef = 7FF5195D2B60C132001B1234 /* Preview Assets.xcassets */; };
		7FF519652B60C2FD001B1234 /* HomeView.swift in Sources */ = {isa = PBXBuildFile; fileRef = 7FF519642B60C2FD001B1234 /* HomeView.swift */; };
		7FF519672B60C31F001B1234 /* SettingsView.swift in Sources */ = {isa = PBXBuildFile; fileRef = 7FF519662B60C31F001B1234 /* SettingsView.swift */; };
		7FF519692B60C361001B1234 /* TransactionsView.swift in Sources */ = {isa = PBXBuildFile; fileRef = 7FF519682B60C361001B1234 /* TransactionsView.swift */; };
		7FF5196B2B60C6B4001B1234 /* GoogleService-Info.plist in Resources */ = {isa = PBXBuildFile; fileRef = 7FF5196A2B60C6B4001B1234 /* GoogleService-Info.plist */; };
		7FF5196E2B60C718001B1234 /* FirebaseAnalytics in Frameworks */ = {isa = PBXBuildFile; productRef = 7FF5196D2B60C718001B1234 /* FirebaseAnalytics */; };
		7FF519702B60C718001B1234 /* FirebaseAnalyticsOnDeviceConversion in Frameworks */ = {isa = PBXBuildFile; productRef = 7FF5196F2B60C718001B1234 /* FirebaseAnalyticsOnDeviceConversion */; };
		7FF519722B60C718001B1234 /* FirebaseAnalyticsSwift in Frameworks */ = {isa = PBXBuildFile; productRef = 7FF519712B60C718001B1234 /* FirebaseAnalyticsSwift */; };
		7FF519742B60C718001B1234 /* FirebaseAnalyticsWithoutAdIdSupport in Frameworks */ = {isa = PBXBuildFile; productRef = 7FF519732B60C718001B1234 /* FirebaseAnalyticsWithoutAdIdSupport */; };
		7FF519762B60C718001B1234 /* FirebaseAppCheck in Frameworks */ = {isa = PBXBuildFile; productRef = 7FF519752B60C718001B1234 /* FirebaseAppCheck */; };
		7FF519782B60C718001B1234 /* FirebaseAppDistribution-Beta in Frameworks */ = {isa = PBXBuildFile; productRef = 7FF519772B60C718001B1234 /* FirebaseAppDistribution-Beta */; };
		7FF5197A2B60C718001B1234 /* FirebaseAuth in Frameworks */ = {isa = PBXBuildFile; productRef = 7FF519792B60C718001B1234 /* FirebaseAuth */; };
		7FF5197C2B60C718001B1234 /* FirebaseAuthCombine-Community in Frameworks */ = {isa = PBXBuildFile; productRef = 7FF5197B2B60C718001B1234 /* FirebaseAuthCombine-Community */; };
		7FF5197E2B60C718001B1234 /* FirebaseCrashlytics in Frameworks */ = {isa = PBXBuildFile; productRef = 7FF5197D2B60C718001B1234 /* FirebaseCrashlytics */; };
		7FF519802B60C718001B1234 /* FirebaseDatabase in Frameworks */ = {isa = PBXBuildFile; productRef = 7FF5197F2B60C718001B1234 /* FirebaseDatabase */; };
		7FF519822B60C718001B1234 /* FirebaseDatabaseSwift in Frameworks */ = {isa = PBXBuildFile; productRef = 7FF519812B60C718001B1234 /* FirebaseDatabaseSwift */; };
		7FF519842B60C718001B1234 /* FirebaseDynamicLinks in Frameworks */ = {isa = PBXBuildFile; productRef = 7FF519832B60C718001B1234 /* FirebaseDynamicLinks */; };
		7FF519862B60C718001B1234 /* FirebaseFirestore in Frameworks */ = {isa = PBXBuildFile; productRef = 7FF519852B60C718001B1234 /* FirebaseFirestore */; };
		7FF519882B60C718001B1234 /* FirebaseFirestoreCombine-Community in Frameworks */ = {isa = PBXBuildFile; productRef = 7FF519872B60C718001B1234 /* FirebaseFirestoreCombine-Community */; };
		7FF5198A2B60C718001B1234 /* FirebaseFirestoreSwift in Frameworks */ = {isa = PBXBuildFile; productRef = 7FF519892B60C718001B1234 /* FirebaseFirestoreSwift */; };
		7FF5198C2B60C718001B1234 /* FirebaseFunctions in Frameworks */ = {isa = PBXBuildFile; productRef = 7FF5198B2B60C718001B1234 /* FirebaseFunctions */; };
		7FF5198E2B60C718001B1234 /* FirebaseFunctionsCombine-Community in Frameworks */ = {isa = PBXBuildFile; productRef = 7FF5198D2B60C718001B1234 /* FirebaseFunctionsCombine-Community */; };
		7FF519902B60C718001B1234 /* FirebaseInAppMessaging-Beta in Frameworks */ = {isa = PBXBuildFile; productRef = 7FF5198F2B60C718001B1234 /* FirebaseInAppMessaging-Beta */; };
		7FF519922B60C718001B1234 /* FirebaseInAppMessagingSwift-Beta in Frameworks */ = {isa = PBXBuildFile; productRef = 7FF519912B60C718001B1234 /* FirebaseInAppMessagingSwift-Beta */; };
		7FF519942B60C718001B1234 /* FirebaseInstallations in Frameworks */ = {isa = PBXBuildFile; productRef = 7FF519932B60C718001B1234 /* FirebaseInstallations */; };
		7FF519962B60C718001B1234 /* FirebaseMLModelDownloader in Frameworks */ = {isa = PBXBuildFile; productRef = 7FF519952B60C718001B1234 /* FirebaseMLModelDownloader */; };
		7FF519982B60C718001B1234 /* FirebaseMessaging in Frameworks */ = {isa = PBXBuildFile; productRef = 7FF519972B60C718001B1234 /* FirebaseMessaging */; };
		7FF5199A2B60C718001B1234 /* FirebasePerformance in Frameworks */ = {isa = PBXBuildFile; productRef = 7FF519992B60C718001B1234 /* FirebasePerformance */; };
		7FF5199C2B60C718001B1234 /* FirebaseRemoteConfig in Frameworks */ = {isa = PBXBuildFile; productRef = 7FF5199B2B60C718001B1234 /* FirebaseRemoteConfig */; };
		7FF5199E2B60C718001B1234 /* FirebaseRemoteConfigSwift in Frameworks */ = {isa = PBXBuildFile; productRef = 7FF5199D2B60C718001B1234 /* FirebaseRemoteConfigSwift */; };
		7FF519A02B60C718001B1234 /* FirebaseStorage in Frameworks */ = {isa = PBXBuildFile; productRef = 7FF5199F2B60C718001B1234 /* FirebaseStorage */; };
		7FF519A22B60C718001B1234 /* FirebaseStorageCombine-Community in Frameworks */ = {isa = PBXBuildFile; productRef = 7FF519A12B60C718001B1234 /* FirebaseStorageCombine-Community */; };
		7FF519A42B60C84C001B1234 /* AuthManager.swift in Sources */ = {isa = PBXBuildFile; fileRef = 7FF519A32B60C84C001B1234 /* AuthManager.swift */; };
		7FF519A62B60C87C001B1234 /* LoginView.swift in Sources */ = {isa = PBXBuildFile; fileRef = 7FF519A52B60C87C001B1234 /* LoginView.swift */; };
/* End PBXBuildFile section */

/* Begin PBXFileReference section */
		7F3C45512B63FBC6008DD14E /* DataManager.swift */ = {isa = PBXFileReference; lastKnownFileType = sourcecode.swift; path = DataManager.swift; sourceTree = "<group>"; };
		7F3C45542B64097B008DD14E /* InputView.swift */ = {isa = PBXFileReference; lastKnownFileType = sourcecode.swift; path = InputView.swift; sourceTree = "<group>"; };
		7F8425B62B64D64200C9E89F /* Message.swift */ = {isa = PBXFileReference; lastKnownFileType = sourcecode.swift; path = Message.swift; sourceTree = "<group>"; };
		7FF519532B60C131001B1234 /* SimpleBudgeting.app */ = {isa = PBXFileReference; explicitFileType = wrapper.application; includeInIndex = 0; path = SimpleBudgeting.app; sourceTree = BUILT_PRODUCTS_DIR; };
		7FF519562B60C131001B1234 /* SimpleBudgetingApp.swift */ = {isa = PBXFileReference; lastKnownFileType = sourcecode.swift; path = SimpleBudgetingApp.swift; sourceTree = "<group>"; };
		7FF519582B60C131001B1234 /* ContentView.swift */ = {isa = PBXFileReference; lastKnownFileType = sourcecode.swift; path = ContentView.swift; sourceTree = "<group>"; };
		7FF5195A2B60C132001B1234 /* Assets.xcassets */ = {isa = PBXFileReference; lastKnownFileType = folder.assetcatalog; path = Assets.xcassets; sourceTree = "<group>"; };
		7FF5195D2B60C132001B1234 /* Preview Assets.xcassets */ = {isa = PBXFileReference; lastKnownFileType = folder.assetcatalog; path = "Preview Assets.xcassets"; sourceTree = "<group>"; };
		7FF519642B60C2FD001B1234 /* HomeView.swift */ = {isa = PBXFileReference; lastKnownFileType = sourcecode.swift; path = HomeView.swift; sourceTree = "<group>"; };
		7FF519662B60C31F001B1234 /* SettingsView.swift */ = {isa = PBXFileReference; lastKnownFileType = sourcecode.swift; path = SettingsView.swift; sourceTree = "<group>"; };
		7FF519682B60C361001B1234 /* TransactionsView.swift */ = {isa = PBXFileReference; lastKnownFileType = sourcecode.swift; path = TransactionsView.swift; sourceTree = "<group>"; };
		7FF5196A2B60C6B4001B1234 /* GoogleService-Info.plist */ = {isa = PBXFileReference; fileEncoding = 4; lastKnownFileType = text.plist.xml; path = "GoogleService-Info.plist"; sourceTree = "<group>"; };
		7FF519A32B60C84C001B1234 /* AuthManager.swift */ = {isa = PBXFileReference; lastKnownFileType = sourcecode.swift; path = AuthManager.swift; sourceTree = "<group>"; };
		7FF519A52B60C87C001B1234 /* LoginView.swift */ = {isa = PBXFileReference; lastKnownFileType = sourcecode.swift; path = LoginView.swift; sourceTree = "<group>"; };
/* End PBXFileReference section */

/* Begin PBXFrameworksBuildPhase section */
		7FF519502B60C131001B1234 /* Frameworks */ = {
			isa = PBXFrameworksBuildPhase;
			buildActionMask = 2147483647;
			files = (
				7FF519802B60C718001B1234 /* FirebaseDatabase in Frameworks */,
				7FF5198E2B60C718001B1234 /* FirebaseFunctionsCombine-Community in Frameworks */,
				7FF519862B60C718001B1234 /* FirebaseFirestore in Frameworks */,
				7FF519722B60C718001B1234 /* FirebaseAnalyticsSwift in Frameworks */,
				7FF5196E2B60C718001B1234 /* FirebaseAnalytics in Frameworks */,
				7FF519702B60C718001B1234 /* FirebaseAnalyticsOnDeviceConversion in Frameworks */,
				7FF519962B60C718001B1234 /* FirebaseMLModelDownloader in Frameworks */,
				7FF5198A2B60C718001B1234 /* FirebaseFirestoreSwift in Frameworks */,
				7FF519762B60C718001B1234 /* FirebaseAppCheck in Frameworks */,
				7FF519742B60C718001B1234 /* FirebaseAnalyticsWithoutAdIdSupport in Frameworks */,
				7FF5197A2B60C718001B1234 /* FirebaseAuth in Frameworks */,
				7FF5197E2B60C718001B1234 /* FirebaseCrashlytics in Frameworks */,
				7FF5199E2B60C718001B1234 /* FirebaseRemoteConfigSwift in Frameworks */,
				7FF519902B60C718001B1234 /* FirebaseInAppMessaging-Beta in Frameworks */,
				7FF519822B60C718001B1234 /* FirebaseDatabaseSwift in Frameworks */,
				7FF5198C2B60C718001B1234 /* FirebaseFunctions in Frameworks */,
				7FF519A22B60C718001B1234 /* FirebaseStorageCombine-Community in Frameworks */,
				7FF5199C2B60C718001B1234 /* FirebaseRemoteConfig in Frameworks */,
				7FF519782B60C718001B1234 /* FirebaseAppDistribution-Beta in Frameworks */,
				7FF5197C2B60C718001B1234 /* FirebaseAuthCombine-Community in Frameworks */,
				7FF5199A2B60C718001B1234 /* FirebasePerformance in Frameworks */,
				7FF519922B60C718001B1234 /* FirebaseInAppMessagingSwift-Beta in Frameworks */,
				7FF519A02B60C718001B1234 /* FirebaseStorage in Frameworks */,
				7FF519842B60C718001B1234 /* FirebaseDynamicLinks in Frameworks */,
				7FF519882B60C718001B1234 /* FirebaseFirestoreCombine-Community in Frameworks */,
				7FF519982B60C718001B1234 /* FirebaseMessaging in Frameworks */,
				7FF519942B60C718001B1234 /* FirebaseInstallations in Frameworks */,
			);
			runOnlyForDeploymentPostprocessing = 0;
		};
/* End PBXFrameworksBuildPhase section */

/* Begin PBXGroup section */
		7F3C45502B63FB8E008DD14E /* Views */ = {
			isa = PBXGroup;
			children = (
				7FF519A52B60C87C001B1234 /* LoginView.swift */,
				7FF519682B60C361001B1234 /* TransactionsView.swift */,
				7FF519662B60C31F001B1234 /* SettingsView.swift */,
			);
			path = Views;
			sourceTree = "<group>";
		};
		7F3C45532B63FBFA008DD14E /* HomePage */ = {
			isa = PBXGroup;
			children = (
				7FF519642B60C2FD001B1234 /* HomeView.swift */,
				7F3C45542B64097B008DD14E /* InputView.swift */,
			);
			path = HomePage;
			sourceTree = "<group>";
		};
		7FA6C68C2B60F0530007388A /* Firebase */ = {
			isa = PBXGroup;
			children = (
				7F8425B62B64D64200C9E89F /* Message.swift */,
				7FF519A32B60C84C001B1234 /* AuthManager.swift */,
				7F3C45512B63FBC6008DD14E /* DataManager.swift */,
			);
			path = Firebase;
			sourceTree = "<group>";
		};
		7FF5194A2B60C131001B1234 = {
			isa = PBXGroup;
			children = (
				7FF519552B60C131001B1234 /* SimpleBudgeting */,
				7FF519542B60C131001B1234 /* Products */,
			);
			sourceTree = "<group>";
		};
		7FF519542B60C131001B1234 /* Products */ = {
			isa = PBXGroup;
			children = (
				7FF519532B60C131001B1234 /* SimpleBudgeting.app */,
			);
			name = Products;
			sourceTree = "<group>";
		};
		7FF519552B60C131001B1234 /* SimpleBudgeting */ = {
			isa = PBXGroup;
			children = (
				7FF519562B60C131001B1234 /* SimpleBudgetingApp.swift */,
				7FF519582B60C131001B1234 /* ContentView.swift */,
				7F3C45532B63FBFA008DD14E /* HomePage */,
				7F3C45502B63FB8E008DD14E /* Views */,
				7FA6C68C2B60F0530007388A /* Firebase */,
				7FF5196A2B60C6B4001B1234 /* GoogleService-Info.plist */,
				7FF5195A2B60C132001B1234 /* Assets.xcassets */,
				7FF5195C2B60C132001B1234 /* Preview Content */,
			);
			path = SimpleBudgeting;
			sourceTree = "<group>";
		};
		7FF5195C2B60C132001B1234 /* Preview Content */ = {
			isa = PBXGroup;
			children = (
				7FF5195D2B60C132001B1234 /* Preview Assets.xcassets */,
			);
			path = "Preview Content";
			sourceTree = "<group>";
		};
/* End PBXGroup section */

/* Begin PBXNativeTarget section */
		7FF519522B60C131001B1234 /* SimpleBudgeting */ = {
			isa = PBXNativeTarget;
			buildConfigurationList = 7FF519612B60C132001B1234 /* Build configuration list for PBXNativeTarget "SimpleBudgeting" */;
			buildPhases = (
				7FF5194F2B60C131001B1234 /* Sources */,
				7FF519502B60C131001B1234 /* Frameworks */,
				7FF519512B60C131001B1234 /* Resources */,
			);
			buildRules = (
			);
			dependencies = (
			);
			name = SimpleBudgeting;
			packageProductDependencies = (
				7FF5196D2B60C718001B1234 /* FirebaseAnalytics */,
				7FF5196F2B60C718001B1234 /* FirebaseAnalyticsOnDeviceConversion */,
				7FF519712B60C718001B1234 /* FirebaseAnalyticsSwift */,
				7FF519732B60C718001B1234 /* FirebaseAnalyticsWithoutAdIdSupport */,
				7FF519752B60C718001B1234 /* FirebaseAppCheck */,
				7FF519772B60C718001B1234 /* FirebaseAppDistribution-Beta */,
				7FF519792B60C718001B1234 /* FirebaseAuth */,
				7FF5197B2B60C718001B1234 /* FirebaseAuthCombine-Community */,
				7FF5197D2B60C718001B1234 /* FirebaseCrashlytics */,
				7FF5197F2B60C718001B1234 /* FirebaseDatabase */,
				7FF519812B60C718001B1234 /* FirebaseDatabaseSwift */,
				7FF519832B60C718001B1234 /* FirebaseDynamicLinks */,
				7FF519852B60C718001B1234 /* FirebaseFirestore */,
				7FF519872B60C718001B1234 /* FirebaseFirestoreCombine-Community */,
				7FF519892B60C718001B1234 /* FirebaseFirestoreSwift */,
				7FF5198B2B60C718001B1234 /* FirebaseFunctions */,
				7FF5198D2B60C718001B1234 /* FirebaseFunctionsCombine-Community */,
				7FF5198F2B60C718001B1234 /* FirebaseInAppMessaging-Beta */,
				7FF519912B60C718001B1234 /* FirebaseInAppMessagingSwift-Beta */,
				7FF519932B60C718001B1234 /* FirebaseInstallations */,
				7FF519952B60C718001B1234 /* FirebaseMLModelDownloader */,
				7FF519972B60C718001B1234 /* FirebaseMessaging */,
				7FF519992B60C718001B1234 /* FirebasePerformance */,
				7FF5199B2B60C718001B1234 /* FirebaseRemoteConfig */,
				7FF5199D2B60C718001B1234 /* FirebaseRemoteConfigSwift */,
				7FF5199F2B60C718001B1234 /* FirebaseStorage */,
				7FF519A12B60C718001B1234 /* FirebaseStorageCombine-Community */,
			);
			productName = SimpleBudgeting;
			productReference = 7FF519532B60C131001B1234 /* SimpleBudgeting.app */;
			productType = "com.apple.product-type.application";
		};
/* End PBXNativeTarget section */

/* Begin PBXProject section */
		7FF5194B2B60C131001B1234 /* Project object */ = {
			isa = PBXProject;
			attributes = {
				BuildIndependentTargetsInParallel = 1;
				LastSwiftUpdateCheck = 1510;
				LastUpgradeCheck = 1510;
				TargetAttributes = {
					7FF519522B60C131001B1234 = {
						CreatedOnToolsVersion = 15.1;
					};
				};
			};
			buildConfigurationList = 7FF5194E2B60C131001B1234 /* Build configuration list for PBXProject "SimpleBudgeting" */;
			compatibilityVersion = "Xcode 14.0";
			developmentRegion = en;
			hasScannedForEncodings = 0;
			knownRegions = (
				en,
				Base,
			);
			mainGroup = 7FF5194A2B60C131001B1234;
			packageReferences = (
				7FF5196C2B60C718001B1234 /* XCRemoteSwiftPackageReference "firebase-ios-sdk" */,
			);
			productRefGroup = 7FF519542B60C131001B1234 /* Products */;
			projectDirPath = "";
			projectRoot = "";
			targets = (
				7FF519522B60C131001B1234 /* SimpleBudgeting */,
			);
		};
/* End PBXProject section */

/* Begin PBXResourcesBuildPhase section */
		7FF519512B60C131001B1234 /* Resources */ = {
			isa = PBXResourcesBuildPhase;
			buildActionMask = 2147483647;
			files = (
				7FF5195E2B60C132001B1234 /* Preview Assets.xcassets in Resources */,
				7FF5195B2B60C132001B1234 /* Assets.xcassets in Resources */,
				7FF5196B2B60C6B4001B1234 /* GoogleService-Info.plist in Resources */,
			);
			runOnlyForDeploymentPostprocessing = 0;
		};
/* End PBXResourcesBuildPhase section */

/* Begin PBXSourcesBuildPhase section */
		7FF5194F2B60C131001B1234 /* Sources */ = {
			isa = PBXSourcesBuildPhase;
			buildActionMask = 2147483647;
			files = (
				7FF519692B60C361001B1234 /* TransactionsView.swift in Sources */,
				7F3C45522B63FBC6008DD14E /* DataManager.swift in Sources */,
				7FF519A62B60C87C001B1234 /* LoginView.swift in Sources */,
				7FF519A42B60C84C001B1234 /* AuthManager.swift in Sources */,
				7FF519652B60C2FD001B1234 /* HomeView.swift in Sources */,
				7FF519672B60C31F001B1234 /* SettingsView.swift in Sources */,
				7FF519592B60C131001B1234 /* ContentView.swift in Sources */,
				7F3C45552B64097B008DD14E /* InputView.swift in Sources */,
				7F8425B72B64D64200C9E89F /* Message.swift in Sources */,
				7FF519572B60C131001B1234 /* SimpleBudgetingApp.swift in Sources */,
			);
			runOnlyForDeploymentPostprocessing = 0;
		};
/* End PBXSourcesBuildPhase section */

/* Begin XCBuildConfiguration section */
		7FF5195F2B60C132001B1234 /* Debug */ = {
			isa = XCBuildConfiguration;
			buildSettings = {
				ALWAYS_SEARCH_USER_PATHS = NO;
				ASSETCATALOG_COMPILER_GENERATE_SWIFT_ASSET_SYMBOL_EXTENSIONS = YES;
				CLANG_ANALYZER_NONNULL = YES;
				CLANG_ANALYZER_NUMBER_OBJECT_CONVERSION = YES_AGGRESSIVE;
				CLANG_CXX_LANGUAGE_STANDARD = "gnu++20";
				CLANG_ENABLE_MODULES = YES;
				CLANG_ENABLE_OBJC_ARC = YES;
				CLANG_ENABLE_OBJC_WEAK = YES;
				CLANG_WARN_BLOCK_CAPTURE_AUTORELEASING = YES;
				CLANG_WARN_BOOL_CONVERSION = YES;
				CLANG_WARN_COMMA = YES;
				CLANG_WARN_CONSTANT_CONVERSION = YES;
				CLANG_WARN_DEPRECATED_OBJC_IMPLEMENTATIONS = YES;
				CLANG_WARN_DIRECT_OBJC_ISA_USAGE = YES_ERROR;
				CLANG_WARN_DOCUMENTATION_COMMENTS = YES;
				CLANG_WARN_EMPTY_BODY = YES;
				CLANG_WARN_ENUM_CONVERSION = YES;
				CLANG_WARN_INFINITE_RECURSION = YES;
				CLANG_WARN_INT_CONVERSION = YES;
				CLANG_WARN_NON_LITERAL_NULL_CONVERSION = YES;
				CLANG_WARN_OBJC_IMPLICIT_RETAIN_SELF = YES;
				CLANG_WARN_OBJC_LITERAL_CONVERSION = YES;
				CLANG_WARN_OBJC_ROOT_CLASS = YES_ERROR;
				CLANG_WARN_QUOTED_INCLUDE_IN_FRAMEWORK_HEADER = YES;
				CLANG_WARN_RANGE_LOOP_ANALYSIS = YES;
				CLANG_WARN_STRICT_PROTOTYPES = YES;
				CLANG_WARN_SUSPICIOUS_MOVE = YES;
				CLANG_WARN_UNGUARDED_AVAILABILITY = YES_AGGRESSIVE;
				CLANG_WARN_UNREACHABLE_CODE = YES;
				CLANG_WARN__DUPLICATE_METHOD_MATCH = YES;
				COPY_PHASE_STRIP = NO;
				DEBUG_INFORMATION_FORMAT = dwarf;
				ENABLE_STRICT_OBJC_MSGSEND = YES;
				ENABLE_TESTABILITY = YES;
				ENABLE_USER_SCRIPT_SANDBOXING = YES;
				GCC_C_LANGUAGE_STANDARD = gnu17;
				GCC_DYNAMIC_NO_PIC = NO;
				GCC_NO_COMMON_BLOCKS = YES;
				GCC_OPTIMIZATION_LEVEL = 0;
				GCC_PREPROCESSOR_DEFINITIONS = (
					"DEBUG=1",
					"$(inherited)",
				);
				GCC_WARN_64_TO_32_BIT_CONVERSION = YES;
				GCC_WARN_ABOUT_RETURN_TYPE = YES_ERROR;
				GCC_WARN_UNDECLARED_SELECTOR = YES;
				GCC_WARN_UNINITIALIZED_AUTOS = YES_AGGRESSIVE;
				GCC_WARN_UNUSED_FUNCTION = YES;
				GCC_WARN_UNUSED_VARIABLE = YES;
				IPHONEOS_DEPLOYMENT_TARGET = 17.2;
				LOCALIZATION_PREFERS_STRING_CATALOGS = YES;
				MTL_ENABLE_DEBUG_INFO = INCLUDE_SOURCE;
				MTL_FAST_MATH = YES;
				ONLY_ACTIVE_ARCH = YES;
				SDKROOT = iphoneos;
				SWIFT_ACTIVE_COMPILATION_CONDITIONS = "DEBUG $(inherited)";
				SWIFT_OPTIMIZATION_LEVEL = "-Onone";
			};
			name = Debug;
		};
		7FF519602B60C132001B1234 /* Release */ = {
			isa = XCBuildConfiguration;
			buildSettings = {
				ALWAYS_SEARCH_USER_PATHS = NO;
				ASSETCATALOG_COMPILER_GENERATE_SWIFT_ASSET_SYMBOL_EXTENSIONS = YES;
				CLANG_ANALYZER_NONNULL = YES;
				CLANG_ANALYZER_NUMBER_OBJECT_CONVERSION = YES_AGGRESSIVE;
				CLANG_CXX_LANGUAGE_STANDARD = "gnu++20";
				CLANG_ENABLE_MODULES = YES;
				CLANG_ENABLE_OBJC_ARC = YES;
				CLANG_ENABLE_OBJC_WEAK = YES;
				CLANG_WARN_BLOCK_CAPTURE_AUTORELEASING = YES;
				CLANG_WARN_BOOL_CONVERSION = YES;
				CLANG_WARN_COMMA = YES;
				CLANG_WARN_CONSTANT_CONVERSION = YES;
				CLANG_WARN_DEPRECATED_OBJC_IMPLEMENTATIONS = YES;
				CLANG_WARN_DIRECT_OBJC_ISA_USAGE = YES_ERROR;
				CLANG_WARN_DOCUMENTATION_COMMENTS = YES;
				CLANG_WARN_EMPTY_BODY = YES;
				CLANG_WARN_ENUM_CONVERSION = YES;
				CLANG_WARN_INFINITE_RECURSION = YES;
				CLANG_WARN_INT_CONVERSION = YES;
				CLANG_WARN_NON_LITERAL_NULL_CONVERSION = YES;
				CLANG_WARN_OBJC_IMPLICIT_RETAIN_SELF = YES;
				CLANG_WARN_OBJC_LITERAL_CONVERSION = YES;
				CLANG_WARN_OBJC_ROOT_CLASS = YES_ERROR;
				CLANG_WARN_QUOTED_INCLUDE_IN_FRAMEWORK_HEADER = YES;
				CLANG_WARN_RANGE_LOOP_ANALYSIS = YES;
				CLANG_WARN_STRICT_PROTOTYPES = YES;
				CLANG_WARN_SUSPICIOUS_MOVE = YES;
				CLANG_WARN_UNGUARDED_AVAILABILITY = YES_AGGRESSIVE;
				CLANG_WARN_UNREACHABLE_CODE = YES;
				CLANG_WARN__DUPLICATE_METHOD_MATCH = YES;
				COPY_PHASE_STRIP = NO;
				DEBUG_INFORMATION_FORMAT = "dwarf-with-dsym";
				ENABLE_NS_ASSERTIONS = NO;
				ENABLE_STRICT_OBJC_MSGSEND = YES;
				ENABLE_USER_SCRIPT_SANDBOXING = YES;
				GCC_C_LANGUAGE_STANDARD = gnu17;
				GCC_NO_COMMON_BLOCKS = YES;
				GCC_WARN_64_TO_32_BIT_CONVERSION = YES;
				GCC_WARN_ABOUT_RETURN_TYPE = YES_ERROR;
				GCC_WARN_UNDECLARED_SELECTOR = YES;
				GCC_WARN_UNINITIALIZED_AUTOS = YES_AGGRESSIVE;
				GCC_WARN_UNUSED_FUNCTION = YES;
				GCC_WARN_UNUSED_VARIABLE = YES;
				IPHONEOS_DEPLOYMENT_TARGET = 17.2;
				LOCALIZATION_PREFERS_STRING_CATALOGS = YES;
				MTL_ENABLE_DEBUG_INFO = NO;
				MTL_FAST_MATH = YES;
				SDKROOT = iphoneos;
				SWIFT_COMPILATION_MODE = wholemodule;
				VALIDATE_PRODUCT = YES;
			};
			name = Release;
		};
		7FF519622B60C132001B1234 /* Debug */ = {
			isa = XCBuildConfiguration;
			buildSettings = {
				ASSETCATALOG_COMPILER_APPICON_NAME = AppIcon;
				ASSETCATALOG_COMPILER_GLOBAL_ACCENT_COLOR_NAME = AccentColor;
				CODE_SIGN_STYLE = Automatic;
				CURRENT_PROJECT_VERSION = 1;
				DEVELOPMENT_ASSET_PATHS = "\"SimpleBudgeting/Preview Content\"";
				ENABLE_PREVIEWS = YES;
				GENERATE_INFOPLIST_FILE = YES;
				INFOPLIST_KEY_UIApplicationSceneManifest_Generation = YES;
				INFOPLIST_KEY_UIApplicationSupportsIndirectInputEvents = YES;
				INFOPLIST_KEY_UILaunchScreen_Generation = YES;
				INFOPLIST_KEY_UISupportedInterfaceOrientations_iPad = "UIInterfaceOrientationPortrait UIInterfaceOrientationPortraitUpsideDown UIInterfaceOrientationLandscapeLeft UIInterfaceOrientationLandscapeRight";
				INFOPLIST_KEY_UISupportedInterfaceOrientations_iPhone = "UIInterfaceOrientationPortrait UIInterfaceOrientationLandscapeLeft UIInterfaceOrientationLandscapeRight";
				LD_RUNPATH_SEARCH_PATHS = (
					"$(inherited)",
					"@executable_path/Frameworks",
				);
				MARKETING_VERSION = 1.0;
				PRODUCT_BUNDLE_IDENTIFIER = roijacob.SimpleBudgeting;
				PRODUCT_NAME = "$(TARGET_NAME)";
				SWIFT_EMIT_LOC_STRINGS = YES;
				SWIFT_VERSION = 5.0;
				TARGETED_DEVICE_FAMILY = "1,2";
			};
			name = Debug;
		};
		7FF519632B60C132001B1234 /* Release */ = {
			isa = XCBuildConfiguration;
			buildSettings = {
				ASSETCATALOG_COMPILER_APPICON_NAME = AppIcon;
				ASSETCATALOG_COMPILER_GLOBAL_ACCENT_COLOR_NAME = AccentColor;
				CODE_SIGN_STYLE = Automatic;
				CURRENT_PROJECT_VERSION = 1;
				DEVELOPMENT_ASSET_PATHS = "\"SimpleBudgeting/Preview Content\"";
				ENABLE_PREVIEWS = YES;
				GENERATE_INFOPLIST_FILE = YES;
				INFOPLIST_KEY_UIApplicationSceneManifest_Generation = YES;
				INFOPLIST_KEY_UIApplicationSupportsIndirectInputEvents = YES;
				INFOPLIST_KEY_UILaunchScreen_Generation = YES;
				INFOPLIST_KEY_UISupportedInterfaceOrientations_iPad = "UIInterfaceOrientationPortrait UIInterfaceOrientationPortraitUpsideDown UIInterfaceOrientationLandscapeLeft UIInterfaceOrientationLandscapeRight";
				INFOPLIST_KEY_UISupportedInterfaceOrientations_iPhone = "UIInterfaceOrientationPortrait UIInterfaceOrientationLandscapeLeft UIInterfaceOrientationLandscapeRight";
				LD_RUNPATH_SEARCH_PATHS = (
					"$(inherited)",
					"@executable_path/Frameworks",
				);
				MARKETING_VERSION = 1.0;
				PRODUCT_BUNDLE_IDENTIFIER = roijacob.SimpleBudgeting;
				PRODUCT_NAME = "$(TARGET_NAME)";
				SWIFT_EMIT_LOC_STRINGS = YES;
				SWIFT_VERSION = 5.0;
				TARGETED_DEVICE_FAMILY = "1,2";
			};
			name = Release;
		};
/* End XCBuildConfiguration section */

/* Begin XCConfigurationList section */
		7FF5194E2B60C131001B1234 /* Build configuration list for PBXProject "SimpleBudgeting" */ = {
			isa = XCConfigurationList;
			buildConfigurations = (
				7FF5195F2B60C132001B1234 /* Debug */,
				7FF519602B60C132001B1234 /* Release */,
			);
			defaultConfigurationIsVisible = 0;
			defaultConfigurationName = Release;
		};
		7FF519612B60C132001B1234 /* Build configuration list for PBXNativeTarget "SimpleBudgeting" */ = {
			isa = XCConfigurationList;
			buildConfigurations = (
				7FF519622B60C132001B1234 /* Debug */,
				7FF519632B60C132001B1234 /* Release */,
			);
			defaultConfigurationIsVisible = 0;
			defaultConfigurationName = Release;
		};
/* End XCConfigurationList section */

/* Begin XCRemoteSwiftPackageReference section */
		7FF5196C2B60C718001B1234 /* XCRemoteSwiftPackageReference "firebase-ios-sdk" */ = {
			isa = XCRemoteSwiftPackageReference;
			repositoryURL = "https://github.com/firebase/firebase-ios-sdk.git";
			requirement = {
				kind = upToNextMajorVersion;
				minimumVersion = 10.20.0;
			};
		};
/* End XCRemoteSwiftPackageReference section */

/* Begin XCSwiftPackageProductDependency section */
		7FF5196D2B60C718001B1234 /* FirebaseAnalytics */ = {
			isa = XCSwiftPackageProductDependency;
			package = 7FF5196C2B60C718001B1234 /* XCRemoteSwiftPackageReference "firebase-ios-sdk" */;
			productName = FirebaseAnalytics;
		};
		7FF5196F2B60C718001B1234 /* FirebaseAnalyticsOnDeviceConversion */ = {
			isa = XCSwiftPackageProductDependency;
			package = 7FF5196C2B60C718001B1234 /* XCRemoteSwiftPackageReference "firebase-ios-sdk" */;
			productName = FirebaseAnalyticsOnDeviceConversion;
		};
		7FF519712B60C718001B1234 /* FirebaseAnalyticsSwift */ = {
			isa = XCSwiftPackageProductDependency;
			package = 7FF5196C2B60C718001B1234 /* XCRemoteSwiftPackageReference "firebase-ios-sdk" */;
			productName = FirebaseAnalyticsSwift;
		};
		7FF519732B60C718001B1234 /* FirebaseAnalyticsWithoutAdIdSupport */ = {
			isa = XCSwiftPackageProductDependency;
			package = 7FF5196C2B60C718001B1234 /* XCRemoteSwiftPackageReference "firebase-ios-sdk" */;
			productName = FirebaseAnalyticsWithoutAdIdSupport;
		};
		7FF519752B60C718001B1234 /* FirebaseAppCheck */ = {
			isa = XCSwiftPackageProductDependency;
			package = 7FF5196C2B60C718001B1234 /* XCRemoteSwiftPackageReference "firebase-ios-sdk" */;
			productName = FirebaseAppCheck;
		};
		7FF519772B60C718001B1234 /* FirebaseAppDistribution-Beta */ = {
			isa = XCSwiftPackageProductDependency;
			package = 7FF5196C2B60C718001B1234 /* XCRemoteSwiftPackageReference "firebase-ios-sdk" */;
			productName = "FirebaseAppDistribution-Beta";
		};
		7FF519792B60C718001B1234 /* FirebaseAuth */ = {
			isa = XCSwiftPackageProductDependency;
			package = 7FF5196C2B60C718001B1234 /* XCRemoteSwiftPackageReference "firebase-ios-sdk" */;
			productName = FirebaseAuth;
		};
		7FF5197B2B60C718001B1234 /* FirebaseAuthCombine-Community */ = {
			isa = XCSwiftPackageProductDependency;
			package = 7FF5196C2B60C718001B1234 /* XCRemoteSwiftPackageReference "firebase-ios-sdk" */;
			productName = "FirebaseAuthCombine-Community";
		};
		7FF5197D2B60C718001B1234 /* FirebaseCrashlytics */ = {
			isa = XCSwiftPackageProductDependency;
			package = 7FF5196C2B60C718001B1234 /* XCRemoteSwiftPackageReference "firebase-ios-sdk" */;
			productName = FirebaseCrashlytics;
		};
		7FF5197F2B60C718001B1234 /* FirebaseDatabase */ = {
			isa = XCSwiftPackageProductDependency;
			package = 7FF5196C2B60C718001B1234 /* XCRemoteSwiftPackageReference "firebase-ios-sdk" */;
			productName = FirebaseDatabase;
		};
		7FF519812B60C718001B1234 /* FirebaseDatabaseSwift */ = {
			isa = XCSwiftPackageProductDependency;
			package = 7FF5196C2B60C718001B1234 /* XCRemoteSwiftPackageReference "firebase-ios-sdk" */;
			productName = FirebaseDatabaseSwift;
		};
		7FF519832B60C718001B1234 /* FirebaseDynamicLinks */ = {
			isa = XCSwiftPackageProductDependency;
			package = 7FF5196C2B60C718001B1234 /* XCRemoteSwiftPackageReference "firebase-ios-sdk" */;
			productName = FirebaseDynamicLinks;
		};
		7FF519852B60C718001B1234 /* FirebaseFirestore */ = {
			isa = XCSwiftPackageProductDependency;
			package = 7FF5196C2B60C718001B1234 /* XCRemoteSwiftPackageReference "firebase-ios-sdk" */;
			productName = FirebaseFirestore;
		};
		7FF519872B60C718001B1234 /* FirebaseFirestoreCombine-Community */ = {
			isa = XCSwiftPackageProductDependency;
			package = 7FF5196C2B60C718001B1234 /* XCRemoteSwiftPackageReference "firebase-ios-sdk" */;
			productName = "FirebaseFirestoreCombine-Community";
		};
		7FF519892B60C718001B1234 /* FirebaseFirestoreSwift */ = {
			isa = XCSwiftPackageProductDependency;
			package = 7FF5196C2B60C718001B1234 /* XCRemoteSwiftPackageReference "firebase-ios-sdk" */;
			productName = FirebaseFirestoreSwift;
		};
		7FF5198B2B60C718001B1234 /* FirebaseFunctions */ = {
			isa = XCSwiftPackageProductDependency;
			package = 7FF5196C2B60C718001B1234 /* XCRemoteSwiftPackageReference "firebase-ios-sdk" */;
			productName = FirebaseFunctions;
		};
		7FF5198D2B60C718001B1234 /* FirebaseFunctionsCombine-Community */ = {
			isa = XCSwiftPackageProductDependency;
			package = 7FF5196C2B60C718001B1234 /* XCRemoteSwiftPackageReference "firebase-ios-sdk" */;
			productName = "FirebaseFunctionsCombine-Community";
		};
		7FF5198F2B60C718001B1234 /* FirebaseInAppMessaging-Beta */ = {
			isa = XCSwiftPackageProductDependency;
			package = 7FF5196C2B60C718001B1234 /* XCRemoteSwiftPackageReference "firebase-ios-sdk" */;
			productName = "FirebaseInAppMessaging-Beta";
		};
		7FF519912B60C718001B1234 /* FirebaseInAppMessagingSwift-Beta */ = {
			isa = XCSwiftPackageProductDependency;
			package = 7FF5196C2B60C718001B1234 /* XCRemoteSwiftPackageReference "firebase-ios-sdk" */;
			productName = "FirebaseInAppMessagingSwift-Beta";
		};
		7FF519932B60C718001B1234 /* FirebaseInstallations */ = {
			isa = XCSwiftPackageProductDependency;
			package = 7FF5196C2B60C718001B1234 /* XCRemoteSwiftPackageReference "firebase-ios-sdk" */;
			productName = FirebaseInstallations;
		};
		7FF519952B60C718001B1234 /* FirebaseMLModelDownloader */ = {
			isa = XCSwiftPackageProductDependency;
			package = 7FF5196C2B60C718001B1234 /* XCRemoteSwiftPackageReference "firebase-ios-sdk" */;
			productName = FirebaseMLModelDownloader;
		};
		7FF519972B60C718001B1234 /* FirebaseMessaging */ = {
			isa = XCSwiftPackageProductDependency;
			package = 7FF5196C2B60C718001B1234 /* XCRemoteSwiftPackageReference "firebase-ios-sdk" */;
			productName = FirebaseMessaging;
		};
		7FF519992B60C718001B1234 /* FirebasePerformance */ = {
			isa = XCSwiftPackageProductDependency;
			package = 7FF5196C2B60C718001B1234 /* XCRemoteSwiftPackageReference "firebase-ios-sdk" */;
			productName = FirebasePerformance;
		};
		7FF5199B2B60C718001B1234 /* FirebaseRemoteConfig */ = {
			isa = XCSwiftPackageProductDependency;
			package = 7FF5196C2B60C718001B1234 /* XCRemoteSwiftPackageReference "firebase-ios-sdk" */;
			productName = FirebaseRemoteConfig;
		};
		7FF5199D2B60C718001B1234 /* FirebaseRemoteConfigSwift */ = {
			isa = XCSwiftPackageProductDependency;
			package = 7FF5196C2B60C718001B1234 /* XCRemoteSwiftPackageReference "firebase-ios-sdk" */;
			productName = FirebaseRemoteConfigSwift;
		};
		7FF5199F2B60C718001B1234 /* FirebaseStorage */ = {
			isa = XCSwiftPackageProductDependency;
			package = 7FF5196C2B60C718001B1234 /* XCRemoteSwiftPackageReference "firebase-ios-sdk" */;
			productName = FirebaseStorage;
		};
		7FF519A12B60C718001B1234 /* FirebaseStorageCombine-Community */ = {
			isa = XCSwiftPackageProductDependency;
			package = 7FF5196C2B60C718001B1234 /* XCRemoteSwiftPackageReference "firebase-ios-sdk" */;
			productName = "FirebaseStorageCombine-Community";
		};
/* End XCSwiftPackageProductDependency section */
	};
	rootObject = 7FF5194B2B60C131001B1234 /* Project object */;
}
